// !$*UTF8*$!
{
    archiveVersion = 1;
    classes = {};
    objectVersion = 46;
    rootObject = __RootObject_;
    objects = {
        __RootObject_ = {
            isa = PBXProject;
            attributes = {LastUpgradeCheck = 9999;};
            buildConfigurationList = ___RootConfs_;
            compatibilityVersion = 'Xcode 3.2';
            developmentRegion = English;
            hasScannedForEncodings = 0;
            knownRegions = (en);
            mainGroup = ___RootGroup_;
            productRefGroup = ____Products_;
            projectDirPath = '';
            projectRoot = '';
            targets = (______Target_String, ______Target_PostgresConnector);
        };
        '__PBXFileRef_Package.swift' = {
            isa = PBXFileReference;
            lastKnownFileType = sourcecode.swift;
            name = 'Package.swift';
            path = 'Package.swift';
            sourceTree = '<group>';
        };
        ___RootGroup_ = {
            isa = PBXGroup;
            children = ('__PBXFileRef_Package.swift', _____Configs_, _____Sources_, Dependencies_, _______Tests_, ____Products_);
            sourceTree = '<group>';
        };
        _______Group_String = {
            isa = PBXGroup;
            name = String;
            path = 'Packages/String-0.7.1/Source';
            sourceTree = '<group>';
            children = ('__PBXFileRef_Packages/String-0.7.1/Source/String.swift');
        };
        '__PBXFileRef_Packages/String-0.7.1/Source/String.swift' = {
            isa = PBXFileReference;
            lastKnownFileType = sourcecode.swift;
            name = 'String.swift';
            sourceTree = '<group>';
        };
        ______Target_String = {
            isa = PBXNativeTarget;
            buildConfigurationList = _______Confs_String;
            buildPhases = (CompilePhase_String, ___LinkPhase_String);
            buildRules = ();
            dependencies = ();
            name = String;
            productName = String;
            productReference = _____Product_String;
            productType = 'com.apple.product-type.library.dynamic';
        };
        _____Product_String = {
            isa = PBXFileReference;
            explicitFileType = 'compiled.mach-o.dylib';
            path = 'String.dylib';
            sourceTree = BUILT_PRODUCTS_DIR;
        };
        CompilePhase_String = {
            isa = PBXSourcesBuildPhase;
            files = ('__src_cc_ref_Packages/String-0.7.1/Source/String.swift');
            runOnlyForDeploymentPostprocessing = 0;
        };
        ___LinkPhase_String = {
            isa = PBXFrameworksBuildPhase;
            files = ();
            runOnlyForDeploymentPostprocessing = 0;
        };
        '__src_cc_ref_Packages/String-0.7.1/Source/String.swift' = {
            isa = PBXBuildFile;
            fileRef = '__PBXFileRef_Packages/String-0.7.1/Source/String.swift';
        };
        _LinkFileRef_String = {
            isa = PBXBuildFile;
            fileRef = _____Product_String;
        };
        _______Confs_String = {
            isa = XCConfigurationList;
            buildConfigurations = (___DebugConf_String, _ReleaseConf_String);
            defaultConfigurationIsVisible = 0;
            defaultConfigurationName = Debug;
        };
        ___DebugConf_String = {
            isa = XCBuildConfiguration;
            buildSettings = { ENABLE_TESTABILITY = YES; SWIFT_OPTIMIZATION_LEVEL = -Onone; LD_RUNPATH_SEARCH_PATHS = '$(TOOLCHAIN_DIR)/usr/lib/swift/macosx'; };
            name = Debug;
        };
        _ReleaseConf_String = {
            isa = XCBuildConfiguration;
            buildSettings = { ENABLE_TESTABILITY = YES; LD_RUNPATH_SEARCH_PATHS = '$(TOOLCHAIN_DIR)/usr/lib/swift/macosx'; };
            name = Release;
        };
        __Dependency_String = {
            isa = PBXTargetDependency;
            target = ______Target_String;
        };
        _______Group_PostgresConnector = {
            isa = PBXGroup;
            name = PostgresConnector;
            path = 'Sources';
            sourceTree = '<group>';
            children = ('__PBXFileRef_Sources/Lock.swift', '__PBXFileRef_Sources/PGConnection.swift', '__PBXFileRef_Sources/PGResult.swift', '__PBXFileRef_Sources/PGRow.swift', '__PBXFileRef_Sources/PostgresDataConvertible.swift');
        };
        '__PBXFileRef_Sources/Lock.swift' = {
            isa = PBXFileReference;
            lastKnownFileType = sourcecode.swift;
            name = 'Lock.swift';
            sourceTree = '<group>';
        };
        '__PBXFileRef_Sources/PGConnection.swift' = {
            isa = PBXFileReference;
            lastKnownFileType = sourcecode.swift;
            name = 'PGConnection.swift';
            sourceTree = '<group>';
        };
        '__PBXFileRef_Sources/PGResult.swift' = {
            isa = PBXFileReference;
            lastKnownFileType = sourcecode.swift;
            name = 'PGResult.swift';
            sourceTree = '<group>';
        };
        '__PBXFileRef_Sources/PGRow.swift' = {
            isa = PBXFileReference;
            lastKnownFileType = sourcecode.swift;
            name = 'PGRow.swift';
            sourceTree = '<group>';
        };
        '__PBXFileRef_Sources/PostgresDataConvertible.swift' = {
            isa = PBXFileReference;
            lastKnownFileType = sourcecode.swift;
            name = 'PostgresDataConvertible.swift';
            sourceTree = '<group>';
        };
        ______Target_PostgresConnector = {
            isa = PBXNativeTarget;
            buildConfigurationList = _______Confs_PostgresConnector;
            buildPhases = (CompilePhase_PostgresConnector, ___LinkPhase_PostgresConnector);
            buildRules = ();
            dependencies = (__Dependency_String);
            name = PostgresConnector;
            productName = PostgresConnector;
            productReference = _____Product_PostgresConnector;
            productType = 'com.apple.product-type.library.dynamic';
        };
        _____Product_PostgresConnector = {
            isa = PBXFileReference;
            explicitFileType = 'compiled.mach-o.dylib';
            path = 'PostgresConnector.dylib';
            sourceTree = BUILT_PRODUCTS_DIR;
        };
        CompilePhase_PostgresConnector = {
            isa = PBXSourcesBuildPhase;
            files = ('__src_cc_ref_Sources/Lock.swift', '__src_cc_ref_Sources/PGConnection.swift', '__src_cc_ref_Sources/PGResult.swift', '__src_cc_ref_Sources/PGRow.swift', '__src_cc_ref_Sources/PostgresDataConvertible.swift');
            runOnlyForDeploymentPostprocessing = 0;
        };
        ___LinkPhase_PostgresConnector = {
            isa = PBXFrameworksBuildPhase;
            files = (_LinkFileRef_String);
            runOnlyForDeploymentPostprocessing = 0;
        };
        '__src_cc_ref_Sources/Lock.swift' = {
            isa = PBXBuildFile;
            fileRef = '__PBXFileRef_Sources/Lock.swift';
        };
        '__src_cc_ref_Sources/PGConnection.swift' = {
            isa = PBXBuildFile;
            fileRef = '__PBXFileRef_Sources/PGConnection.swift';
        };
        '__src_cc_ref_Sources/PGResult.swift' = {
            isa = PBXBuildFile;
            fileRef = '__PBXFileRef_Sources/PGResult.swift';
        };
        '__src_cc_ref_Sources/PGRow.swift' = {
            isa = PBXBuildFile;
            fileRef = '__PBXFileRef_Sources/PGRow.swift';
        };
        '__src_cc_ref_Sources/PostgresDataConvertible.swift' = {
            isa = PBXBuildFile;
            fileRef = '__PBXFileRef_Sources/PostgresDataConvertible.swift';
        };
        _LinkFileRef_PostgresConnector = {
            isa = PBXBuildFile;
            fileRef = _____Product_PostgresConnector;
        };
        _______Confs_PostgresConnector = {
            isa = XCConfigurationList;
            buildConfigurations = (___DebugConf_PostgresConnector, _ReleaseConf_PostgresConnector);
            defaultConfigurationIsVisible = 0;
            defaultConfigurationName = Debug;
        };
        ___DebugConf_PostgresConnector = {
            isa = XCBuildConfiguration;
            buildSettings = { LD_RUNPATH_SEARCH_PATHS = '$(TOOLCHAIN_DIR)/usr/lib/swift/macosx'; HEADER_SEARCH_PATHS = /Users/james/Documents/vagrant-swift/PostgresConnector/Packages/CPostgreSQL-0.1.1; ENABLE_TESTABILITY = YES; SWIFT_OPTIMIZATION_LEVEL = -Onone; };
            name = Debug;
        };
        _ReleaseConf_PostgresConnector = {
            isa = XCBuildConfiguration;
            buildSettings = { ENABLE_TESTABILITY = YES; LD_RUNPATH_SEARCH_PATHS = '$(TOOLCHAIN_DIR)/usr/lib/swift/macosx'; HEADER_SEARCH_PATHS = /Users/james/Documents/vagrant-swift/PostgresConnector/Packages/CPostgreSQL-0.1.1; };
            name = Release;
        };
        __Dependency_PostgresConnector = {
            isa = PBXTargetDependency;
            target = ______Target_PostgresConnector;
        };
        '__PBXFileRef_PostgresConnector.xcodeproj/Configs/Project.xcconfig' = {
            isa = PBXFileReference;
            lastKnownFileType = text.xcconfig;
            name = 'Project.xcconfig';
            path = 'PostgresConnector.xcodeproj/Configs/Project.xcconfig';
            sourceTree = '<group>';
        };
        _____Configs_ = {
            isa = PBXGroup;
            children = ('__PBXFileRef_PostgresConnector.xcodeproj/Configs/Project.xcconfig');
            name = Configs;
            sourceTree = '<group>';
        };
        _____Sources_ = {
            isa = PBXGroup;
            children = (_______Group_String, _______Group_PostgresConnector);
            name = Sources;
            sourceTree = '<group>';
        };
        Dependencies_ = {
            isa = PBXGroup;
            children = (_______Group_String);
            name = Dependencies;
            sourceTree = '<group>';
        };
        ____Products_ = {
            isa = PBXGroup;
            children = (_____Product_String, _____Product_PostgresConnector);
            name = Products;
            sourceTree = '<group>';
        };
        _______Debug_ = {
            isa = XCBuildConfiguration;
            baseConfigurationReference = '__PBXFileRef_PostgresConnector.xcodeproj/Configs/Project.xcconfig';
            buildSettings = {};
            name = Debug;
        };
        _____Release_ = {
            isa = XCBuildConfiguration;
            baseConfigurationReference = '__PBXFileRef_PostgresConnector.xcodeproj/Configs/Project.xcconfig';
            buildSettings = {};
            name = Release;
        };
        ___RootConfs_ = {
            isa = XCConfigurationList;
            buildConfigurations = (_______Debug_, _____Release_);
            defaultConfigurationIsVisible = 0;
            defaultConfigurationName = Debug;
        };
    };
}
